PODS:
  - Alamofire (4.5.0)
  - AlamofireObjectMapper (4.1.0):
    - Alamofire (~> 4.1)
    - ObjectMapper (~> 2.0)
  - Hasura (0.0.2):
    - Alamofire (~> 4.1)
    - AlamofireObjectMapper (~> 4.1.0)
    - ObjectMapper (~> 2.2.7)
  - ObjectMapper (2.2.8)

DEPENDENCIES:
  - Hasura (from `../`)

EXTERNAL SOURCES:
  Hasura:
    :path: ../

SPEC CHECKSUMS:
  Alamofire: f28cdffd29de33a7bfa022cbd63ae95a27fae140
  AlamofireObjectMapper: 435adc82f5b367679bd9e71c4974a54efd0b2521
  Hasura: b5abe75003d6505ab3f99dd8e08c47af7ce2273a
  ObjectMapper: 3d571bb5af471c779e1160828cd9ad5c4ef90958

PODFILE CHECKSUM: 42cea6666cf3f949ddbb740cc50ab8542119b86b

COCOAPODS: 1.1.1
