// !$*UTF8*$!
{
	archiveVersion = 1;
	classes = {
	};
	objectVersion = 46;
	objects = {

/* Begin PBXBuildFile section */
		07B967C555C6D111B94C0893 /* Pods_ExampleTests.framework in Frameworks */ = {isa = PBXBuildFile; fileRef = 27D05395E59C321E3F231AB9 /* Pods_ExampleTests.framework */; };
		56B91EAE25E4DE42E491DA7D /* Pods_Example.framework in Frameworks */ = {isa = PBXBuildFile; fileRef = 7DE54791C1C0F274EAFEA40F /* Pods_Example.framework */; };
		AC4D9D0B34CD49C6708E79AE /* Pods_ExampleUITests.framework in Frameworks */ = {isa = PBXBuildFile; fileRef = D8F683887ADC0F41A76872D8 /* Pods_ExampleUITests.framework */; };
		DA6DF1DB1F0F682300F41AAC /* Main.storyboard in Resources */ = {isa = PBXBuildFile; fileRef = DA6DF1DA1F0F682300F41AAC /* Main.storyboard */; };
		DA6DF1DF1F0F687000F41AAC /* Extensions.swift in Sources */ = {isa = PBXBuildFile; fileRef = DA6DF1DE1F0F687000F41AAC /* Extensions.swift */; };
		DA6DF1E21F0F689A00F41AAC /* TodoRecord.swift in Sources */ = {isa = PBXBuildFile; fileRef = DA6DF1E01F0F689A00F41AAC /* TodoRecord.swift */; };
		DA6DF1E31F0F689A00F41AAC /* TodoReturningResponse.swift in Sources */ = {isa = PBXBuildFile; fileRef = DA6DF1E11F0F689A00F41AAC /* TodoReturningResponse.swift */; };
		DA6DF1EA1F0F697C00F41AAC /* AuthenticationViewController.swift in Sources */ = {isa = PBXBuildFile; fileRef = DA6DF1E81F0F697C00F41AAC /* AuthenticationViewController.swift */; };
		DA6DF1EB1F0F697C00F41AAC /* TodoViewController.swift in Sources */ = {isa = PBXBuildFile; fileRef = DA6DF1E91F0F697C00F41AAC /* TodoViewController.swift */; };
		DA9B485B1F01209C0037E01A /* AppDelegate.swift in Sources */ = {isa = PBXBuildFile; fileRef = DA9B485A1F01209C0037E01A /* AppDelegate.swift */; };
		DA9B48621F01209C0037E01A /* Assets.xcassets in Resources */ = {isa = PBXBuildFile; fileRef = DA9B48611F01209C0037E01A /* Assets.xcassets */; };
		DA9B48651F01209C0037E01A /* LaunchScreen.storyboard in Resources */ = {isa = PBXBuildFile; fileRef = DA9B48631F01209C0037E01A /* LaunchScreen.storyboard */; };
		DA9B48701F01209D0037E01A /* ExampleTests.swift in Sources */ = {isa = PBXBuildFile; fileRef = DA9B486F1F01209D0037E01A /* ExampleTests.swift */; };
		DA9B487B1F01209D0037E01A /* ExampleUITests.swift in Sources */ = {isa = PBXBuildFile; fileRef = DA9B487A1F01209D0037E01A /* ExampleUITests.swift */; };
/* End PBXBuildFile section */

/* Begin PBXContainerItemProxy section */
		DA9B486C1F01209D0037E01A /* PBXContainerItemProxy */ = {
			isa = PBXContainerItemProxy;
			containerPortal = DA9B484F1F01209C0037E01A /* Project object */;
			proxyType = 1;
			remoteGlobalIDString = DA9B48561F01209C0037E01A;
			remoteInfo = Example;
		};
		DA9B48771F01209D0037E01A /* PBXContainerItemProxy */ = {
			isa = PBXContainerItemProxy;
			containerPortal = DA9B484F1F01209C0037E01A /* Project object */;
			proxyType = 1;
			remoteGlobalIDString = DA9B48561F01209C0037E01A;
			remoteInfo = Example;
		};
/* End PBXContainerItemProxy section */

/* Begin PBXCopyFilesBuildPhase section */
		DA9B48921F0136500037E01A /* Embed Frameworks */ = {
			isa = PBXCopyFilesBuildPhase;
			buildActionMask = 2147483647;
			dstPath = "";
			dstSubfolderSpec = 10;
			files = (
			);
			name = "Embed Frameworks";
			runOnlyForDeploymentPostprocessing = 0;
		};
/* End PBXCopyFilesBuildPhase section */

/* Begin PBXFileReference section */
		27D05395E59C321E3F231AB9 /* Pods_ExampleTests.framework */ = {isa = PBXFileReference; explicitFileType = wrapper.framework; includeInIndex = 0; path = Pods_ExampleTests.framework; sourceTree = BUILT_PRODUCTS_DIR; };
		288EA6FC34919B6688EA0E12 /* Pods-ExampleTests.release.xcconfig */ = {isa = PBXFileReference; includeInIndex = 1; lastKnownFileType = text.xcconfig; name = "Pods-ExampleTests.release.xcconfig"; path = "Pods/Target Support Files/Pods-ExampleTests/Pods-ExampleTests.release.xcconfig"; sourceTree = "<group>"; };
		4BEE6733781FC0D0A59B539B /* Pods-ExampleUITests.debug.xcconfig */ = {isa = PBXFileReference; includeInIndex = 1; lastKnownFileType = text.xcconfig; name = "Pods-ExampleUITests.debug.xcconfig"; path = "Pods/Target Support Files/Pods-ExampleUITests/Pods-ExampleUITests.debug.xcconfig"; sourceTree = "<group>"; };
		7DE54791C1C0F274EAFEA40F /* Pods_Example.framework */ = {isa = PBXFileReference; explicitFileType = wrapper.framework; includeInIndex = 0; path = Pods_Example.framework; sourceTree = BUILT_PRODUCTS_DIR; };
		99CC6972CE8F5919AA35A24B /* Pods-Example.release.xcconfig */ = {isa = PBXFileReference; includeInIndex = 1; lastKnownFileType = text.xcconfig; name = "Pods-Example.release.xcconfig"; path = "Pods/Target Support Files/Pods-Example/Pods-Example.release.xcconfig"; sourceTree = "<group>"; };
		D8F683887ADC0F41A76872D8 /* Pods_ExampleUITests.framework */ = {isa = PBXFileReference; explicitFileType = wrapper.framework; includeInIndex = 0; path = Pods_ExampleUITests.framework; sourceTree = BUILT_PRODUCTS_DIR; };
		DA6DF1DA1F0F682300F41AAC /* Main.storyboard */ = {isa = PBXFileReference; fileEncoding = 4; lastKnownFileType = file.storyboard; path = Main.storyboard; sourceTree = "<group>"; };
		DA6DF1DE1F0F687000F41AAC /* Extensions.swift */ = {isa = PBXFileReference; fileEncoding = 4; lastKnownFileType = sourcecode.swift; path = Extensions.swift; sourceTree = "<group>"; };
		DA6DF1E01F0F689A00F41AAC /* TodoRecord.swift */ = {isa = PBXFileReference; fileEncoding = 4; lastKnownFileType = sourcecode.swift; path = TodoRecord.swift; sourceTree = "<group>"; };
		DA6DF1E11F0F689A00F41AAC /* TodoReturningResponse.swift */ = {isa = PBXFileReference; fileEncoding = 4; lastKnownFileType = sourcecode.swift; path = TodoReturningResponse.swift; sourceTree = "<group>"; };
		DA6DF1E81F0F697C00F41AAC /* AuthenticationViewController.swift */ = {isa = PBXFileReference; fileEncoding = 4; lastKnownFileType = sourcecode.swift; path = AuthenticationViewController.swift; sourceTree = "<group>"; };
		DA6DF1E91F0F697C00F41AAC /* TodoViewController.swift */ = {isa = PBXFileReference; fileEncoding = 4; lastKnownFileType = sourcecode.swift; path = TodoViewController.swift; sourceTree = "<group>"; };
		DA9B48571F01209C0037E01A /* Example.app */ = {isa = PBXFileReference; explicitFileType = wrapper.application; includeInIndex = 0; path = Example.app; sourceTree = BUILT_PRODUCTS_DIR; };
		DA9B485A1F01209C0037E01A /* AppDelegate.swift */ = {isa = PBXFileReference; lastKnownFileType = sourcecode.swift; path = AppDelegate.swift; sourceTree = "<group>"; };
		DA9B48611F01209C0037E01A /* Assets.xcassets */ = {isa = PBXFileReference; lastKnownFileType = folder.assetcatalog; path = Assets.xcassets; sourceTree = "<group>"; };
		DA9B48641F01209C0037E01A /* Base */ = {isa = PBXFileReference; lastKnownFileType = file.storyboard; name = Base; path = Base.lproj/LaunchScreen.storyboard; sourceTree = "<group>"; };
		DA9B48661F01209C0037E01A /* Info.plist */ = {isa = PBXFileReference; lastKnownFileType = text.plist.xml; path = Info.plist; sourceTree = "<group>"; };
		DA9B486B1F01209D0037E01A /* ExampleTests.xctest */ = {isa = PBXFileReference; explicitFileType = wrapper.cfbundle; includeInIndex = 0; path = ExampleTests.xctest; sourceTree = BUILT_PRODUCTS_DIR; };
		DA9B486F1F01209D0037E01A /* ExampleTests.swift */ = {isa = PBXFileReference; lastKnownFileType = sourcecode.swift; path = ExampleTests.swift; sourceTree = "<group>"; };
		DA9B48711F01209D0037E01A /* Info.plist */ = {isa = PBXFileReference; lastKnownFileType = text.plist.xml; path = Info.plist; sourceTree = "<group>"; };
		DA9B48761F01209D0037E01A /* ExampleUITests.xctest */ = {isa = PBXFileReference; explicitFileType = wrapper.cfbundle; includeInIndex = 0; path = ExampleUITests.xctest; sourceTree = BUILT_PRODUCTS_DIR; };
		DA9B487A1F01209D0037E01A /* ExampleUITests.swift */ = {isa = PBXFileReference; lastKnownFileType = sourcecode.swift; path = ExampleUITests.swift; sourceTree = "<group>"; };
		DA9B487C1F01209D0037E01A /* Info.plist */ = {isa = PBXFileReference; lastKnownFileType = text.plist.xml; path = Info.plist; sourceTree = "<group>"; };
		DD00760FD58EDA67E82D1803 /* Pods-Example.debug.xcconfig */ = {isa = PBXFileReference; includeInIndex = 1; lastKnownFileType = text.xcconfig; name = "Pods-Example.debug.xcconfig"; path = "Pods/Target Support Files/Pods-Example/Pods-Example.debug.xcconfig"; sourceTree = "<group>"; };
		EABB831B99067A9491F927A0 /* Pods-ExampleTests.debug.xcconfig */ = {isa = PBXFileReference; includeInIndex = 1; lastKnownFileType = text.xcconfig; name = "Pods-ExampleTests.debug.xcconfig"; path = "Pods/Target Support Files/Pods-ExampleTests/Pods-ExampleTests.debug.xcconfig"; sourceTree = "<group>"; };
		FCFF127AB97ACF7811F5B163 /* Pods-ExampleUITests.release.xcconfig */ = {isa = PBXFileReference; includeInIndex = 1; lastKnownFileType = text.xcconfig; name = "Pods-ExampleUITests.release.xcconfig"; path = "Pods/Target Support Files/Pods-ExampleUITests/Pods-ExampleUITests.release.xcconfig"; sourceTree = "<group>"; };
/* End PBXFileReference section */

/* Begin PBXFrameworksBuildPhase section */
		DA9B48541F01209C0037E01A /* Frameworks */ = {
			isa = PBXFrameworksBuildPhase;
			buildActionMask = 2147483647;
			files = (
				56B91EAE25E4DE42E491DA7D /* Pods_Example.framework in Frameworks */,
			);
			runOnlyForDeploymentPostprocessing = 0;
		};
		DA9B48681F01209D0037E01A /* Frameworks */ = {
			isa = PBXFrameworksBuildPhase;
			buildActionMask = 2147483647;
			files = (
				07B967C555C6D111B94C0893 /* Pods_ExampleTests.framework in Frameworks */,
			);
			runOnlyForDeploymentPostprocessing = 0;
		};
		DA9B48731F01209D0037E01A /* Frameworks */ = {
			isa = PBXFrameworksBuildPhase;
			buildActionMask = 2147483647;
			files = (
				AC4D9D0B34CD49C6708E79AE /* Pods_ExampleUITests.framework in Frameworks */,
			);
			runOnlyForDeploymentPostprocessing = 0;
		};
/* End PBXFrameworksBuildPhase section */

/* Begin PBXGroup section */
		5BC000114EECE5BB90F56D33 /* Pods */ = {
			isa = PBXGroup;
			children = (
				DD00760FD58EDA67E82D1803 /* Pods-Example.debug.xcconfig */,
				99CC6972CE8F5919AA35A24B /* Pods-Example.release.xcconfig */,
				EABB831B99067A9491F927A0 /* Pods-ExampleTests.debug.xcconfig */,
				288EA6FC34919B6688EA0E12 /* Pods-ExampleTests.release.xcconfig */,
				4BEE6733781FC0D0A59B539B /* Pods-ExampleUITests.debug.xcconfig */,
				FCFF127AB97ACF7811F5B163 /* Pods-ExampleUITests.release.xcconfig */,
			);
			name = Pods;
			sourceTree = "<group>";
		};
		DA6DF1E41F0F68CF00F41AAC /* Model */ = {
			isa = PBXGroup;
			children = (
				DA6DF1E01F0F689A00F41AAC /* TodoRecord.swift */,
				DA6DF1E11F0F689A00F41AAC /* TodoReturningResponse.swift */,
			);
			name = Model;
			sourceTree = "<group>";
		};
		DA6DF1E51F0F68DC00F41AAC /* SupportingFiles */ = {
			isa = PBXGroup;
			children = (
				DA9B48611F01209C0037E01A /* Assets.xcassets */,
				DA9B48631F01209C0037E01A /* LaunchScreen.storyboard */,
				DA9B48661F01209C0037E01A /* Info.plist */,
			);
			name = SupportingFiles;
			sourceTree = "<group>";
		};
		DA9B484E1F01209C0037E01A = {
			isa = PBXGroup;
			children = (
				DA9B48591F01209C0037E01A /* Example */,
				DA9B486E1F01209D0037E01A /* ExampleTests */,
				DA9B48791F01209D0037E01A /* ExampleUITests */,
				DA9B48581F01209C0037E01A /* Products */,
				DA9B488C1F0130DE0037E01A /* Frameworks */,
				5BC000114EECE5BB90F56D33 /* Pods */,
			);
			sourceTree = "<group>";
		};
		DA9B48581F01209C0037E01A /* Products */ = {
			isa = PBXGroup;
			children = (
				DA9B48571F01209C0037E01A /* Example.app */,
				DA9B486B1F01209D0037E01A /* ExampleTests.xctest */,
				DA9B48761F01209D0037E01A /* ExampleUITests.xctest */,
			);
			name = Products;
			sourceTree = "<group>";
		};
		DA9B48591F01209C0037E01A /* Example */ = {
			isa = PBXGroup;
			children = (
				DA6DF1E41F0F68CF00F41AAC /* Model */,
				DA6DF1E51F0F68DC00F41AAC /* SupportingFiles */,
				DA6DF1DA1F0F682300F41AAC /* Main.storyboard */,
				DA9B485A1F01209C0037E01A /* AppDelegate.swift */,
				DA6DF1DE1F0F687000F41AAC /* Extensions.swift */,
				DA6DF1E81F0F697C00F41AAC /* AuthenticationViewController.swift */,
				DA6DF1E91F0F697C00F41AAC /* TodoViewController.swift */,
			);
			path = Example;
			sourceTree = "<group>";
		};
		DA9B486E1F01209D0037E01A /* ExampleTests */ = {
			isa = PBXGroup;
			children = (
				DA9B486F1F01209D0037E01A /* ExampleTests.swift */,
				DA9B48711F01209D0037E01A /* Info.plist */,
			);
			path = ExampleTests;
			sourceTree = "<group>";
		};
		DA9B48791F01209D0037E01A /* ExampleUITests */ = {
			isa = PBXGroup;
			children = (
				DA9B487A1F01209D0037E01A /* ExampleUITests.swift */,
				DA9B487C1F01209D0037E01A /* Info.plist */,
			);
			path = ExampleUITests;
			sourceTree = "<group>";
		};
		DA9B488C1F0130DE0037E01A /* Frameworks */ = {
			isa = PBXGroup;
			children = (
				7DE54791C1C0F274EAFEA40F /* Pods_Example.framework */,
				27D05395E59C321E3F231AB9 /* Pods_ExampleTests.framework */,
				D8F683887ADC0F41A76872D8 /* Pods_ExampleUITests.framework */,
			);
			name = Frameworks;
			sourceTree = "<group>";
		};
/* End PBXGroup section */

/* Begin PBXNativeTarget section */
		DA9B48561F01209C0037E01A /* Example */ = {
			isa = PBXNativeTarget;
			buildConfigurationList = DA9B487F1F01209D0037E01A /* Build configuration list for PBXNativeTarget "Example" */;
			buildPhases = (
				215D0BC6D7EE893D931867AD /* [CP] Check Pods Manifest.lock */,
				DA9B48531F01209C0037E01A /* Sources */,
				DA9B48541F01209C0037E01A /* Frameworks */,
				DA9B48551F01209C0037E01A /* Resources */,
				DA9B48921F0136500037E01A /* Embed Frameworks */,
				509D2C64B21283B958E5DD46 /* [CP] Embed Pods Frameworks */,
				7F79674F62FD41CB0A836E4C /* [CP] Copy Pods Resources */,
			);
			buildRules = (
			);
			dependencies = (
			);
			name = Example;
			productName = Example;
			productReference = DA9B48571F01209C0037E01A /* Example.app */;
			productType = "com.apple.product-type.application";
		};
		DA9B486A1F01209D0037E01A /* ExampleTests */ = {
			isa = PBXNativeTarget;
			buildConfigurationList = DA9B48821F01209D0037E01A /* Build configuration list for PBXNativeTarget "ExampleTests" */;
			buildPhases = (
				629E9CECB729B14653C5FC09 /* [CP] Check Pods Manifest.lock */,
				DA9B48671F01209D0037E01A /* Sources */,
				DA9B48681F01209D0037E01A /* Frameworks */,
				DA9B48691F01209D0037E01A /* Resources */,
				6F45A0B7C4FACB59AEF23745 /* [CP] Embed Pods Frameworks */,
				81638BBDCEE049E528113D30 /* [CP] Copy Pods Resources */,
			);
			buildRules = (
			);
			dependencies = (
				DA9B486D1F01209D0037E01A /* PBXTargetDependency */,
			);
			name = ExampleTests;
			productName = ExampleTests;
			productReference = DA9B486B1F01209D0037E01A /* ExampleTests.xctest */;
			productType = "com.apple.product-type.bundle.unit-test";
		};
		DA9B48751F01209D0037E01A /* ExampleUITests */ = {
			isa = PBXNativeTarget;
			buildConfigurationList = DA9B48851F01209D0037E01A /* Build configuration list for PBXNativeTarget "ExampleUITests" */;
			buildPhases = (
				5243B5E5046764791870F7DD /* [CP] Check Pods Manifest.lock */,
				DA9B48721F01209D0037E01A /* Sources */,
				DA9B48731F01209D0037E01A /* Frameworks */,
				DA9B48741F01209D0037E01A /* Resources */,
				082EE577437CF3BA94BBAFF1 /* [CP] Embed Pods Frameworks */,
				88E67771BDDBFE81A674DA48 /* [CP] Copy Pods Resources */,
			);
			buildRules = (
			);
			dependencies = (
				DA9B48781F01209D0037E01A /* PBXTargetDependency */,
			);
			name = ExampleUITests;
			productName = ExampleUITests;
			productReference = DA9B48761F01209D0037E01A /* ExampleUITests.xctest */;
			productType = "com.apple.product-type.bundle.ui-testing";
		};
/* End PBXNativeTarget section */

/* Begin PBXProject section */
		DA9B484F1F01209C0037E01A /* Project object */ = {
			isa = PBXProject;
			attributes = {
				LastSwiftUpdateCheck = 0830;
				LastUpgradeCheck = 0830;
				ORGANIZATIONNAME = Hasura;
				TargetAttributes = {
					DA9B48561F01209C0037E01A = {
						CreatedOnToolsVersion = 8.3.3;
						DevelopmentTeam = M4AFCNBNED;
						ProvisioningStyle = Automatic;
					};
					DA9B486A1F01209D0037E01A = {
						CreatedOnToolsVersion = 8.3.3;
						DevelopmentTeam = M4AFCNBNED;
						ProvisioningStyle = Automatic;
						TestTargetID = DA9B48561F01209C0037E01A;
					};
					DA9B48751F01209D0037E01A = {
						CreatedOnToolsVersion = 8.3.3;
						DevelopmentTeam = M4AFCNBNED;
						ProvisioningStyle = Automatic;
						TestTargetID = DA9B48561F01209C0037E01A;
					};
				};
			};
			buildConfigurationList = DA9B48521F01209C0037E01A /* Build configuration list for PBXProject "Example" */;
			compatibilityVersion = "Xcode 3.2";
			developmentRegion = English;
			hasScannedForEncodings = 0;
			knownRegions = (
				en,
				Base,
			);
			mainGroup = DA9B484E1F01209C0037E01A;
			productRefGroup = DA9B48581F01209C0037E01A /* Products */;
			projectDirPath = "";
			projectRoot = "";
			targets = (
				DA9B48561F01209C0037E01A /* Example */,
				DA9B486A1F01209D0037E01A /* ExampleTests */,
				DA9B48751F01209D0037E01A /* ExampleUITests */,
			);
		};
/* End PBXProject section */

/* Begin PBXResourcesBuildPhase section */
		DA9B48551F01209C0037E01A /* Resources */ = {
			isa = PBXResourcesBuildPhase;
			buildActionMask = 2147483647;
			files = (
				DA6DF1DB1F0F682300F41AAC /* Main.storyboard in Resources */,
				DA9B48651F01209C0037E01A /* LaunchScreen.storyboard in Resources */,
				DA9B48621F01209C0037E01A /* Assets.xcassets in Resources */,
			);
			runOnlyForDeploymentPostprocessing = 0;
		};
		DA9B48691F01209D0037E01A /* Resources */ = {
			isa = PBXResourcesBuildPhase;
			buildActionMask = 2147483647;
			files = (
			);
			runOnlyForDeploymentPostprocessing = 0;
		};
		DA9B48741F01209D0037E01A /* Resources */ = {
			isa = PBXResourcesBuildPhase;
			buildActionMask = 2147483647;
			files = (
			);
			runOnlyForDeploymentPostprocessing = 0;
		};
/* End PBXResourcesBuildPhase section */

/* Begin PBXShellScriptBuildPhase section */
		082EE577437CF3BA94BBAFF1 /* [CP] Embed Pods Frameworks */ = {
			isa = PBXShellScriptBuildPhase;
			buildActionMask = 2147483647;
			files = (
			);
			inputPaths = (
			);
			name = "[CP] Embed Pods Frameworks";
			outputPaths = (
			);
			runOnlyForDeploymentPostprocessing = 0;
			shellPath = /bin/sh;
			shellScript = "\"${SRCROOT}/Pods/Target Support Files/Pods-ExampleUITests/Pods-ExampleUITests-frameworks.sh\"\n";
			showEnvVarsInLog = 0;
		};
		215D0BC6D7EE893D931867AD /* [CP] Check Pods Manifest.lock */ = {
			isa = PBXShellScriptBuildPhase;
			buildActionMask = 2147483647;
			files = (
			);
			inputPaths = (
			);
			name = "[CP] Check Pods Manifest.lock";
			outputPaths = (
			);
			runOnlyForDeploymentPostprocessing = 0;
			shellPath = /bin/sh;
			shellScript = "diff \"${PODS_ROOT}/../Podfile.lock\" \"${PODS_ROOT}/Manifest.lock\" > /dev/null\nif [ $? != 0 ] ; then\n    # print error to STDERR\n    echo \"error: The sandbox is not in sync with the Podfile.lock. Run 'pod install' or update your CocoaPods installation.\" >&2\n    exit 1\nfi\n";
			showEnvVarsInLog = 0;
		};
		509D2C64B21283B958E5DD46 /* [CP] Embed Pods Frameworks */ = {
			isa = PBXShellScriptBuildPhase;
			buildActionMask = 2147483647;
			files = (
			);
			inputPaths = (
			);
			name = "[CP] Embed Pods Frameworks";
			outputPaths = (
			);
			runOnlyForDeploymentPostprocessing = 0;
			shellPath = /bin/sh;
			shellScript = "\"${SRCROOT}/Pods/Target Support Files/Pods-Example/Pods-Example-frameworks.sh\"\n";
			showEnvVarsInLog = 0;
		};
		5243B5E5046764791870F7DD /* [CP] Check Pods Manifest.lock */ = {
			isa = PBXShellScriptBuildPhase;
			buildActionMask = 2147483647;
			files = (
			);
			inputPaths = (
			);
			name = "[CP] Check Pods Manifest.lock";
			outputPaths = (
			);
			runOnlyForDeploymentPostprocessing = 0;
			shellPath = /bin/sh;
			shellScript = "diff \"${PODS_ROOT}/../Podfile.lock\" \"${PODS_ROOT}/Manifest.lock\" > /dev/null\nif [ $? != 0 ] ; then\n    # print error to STDERR\n    echo \"error: The sandbox is not in sync with the Podfile.lock. Run 'pod install' or update your CocoaPods installation.\" >&2\n    exit 1\nfi\n";
			showEnvVarsInLog = 0;
		};
		629E9CECB729B14653C5FC09 /* [CP] Check Pods Manifest.lock */ = {
			isa = PBXShellScriptBuildPhase;
			buildActionMask = 2147483647;
			files = (
			);
			inputPaths = (
			);
			name = "[CP] Check Pods Manifest.lock";
			outputPaths = (
			);
			runOnlyForDeploymentPostprocessing = 0;
			shellPath = /bin/sh;
			shellScript = "diff \"${PODS_ROOT}/../Podfile.lock\" \"${PODS_ROOT}/Manifest.lock\" > /dev/null\nif [ $? != 0 ] ; then\n    # print error to STDERR\n    echo \"error: The sandbox is not in sync with the Podfile.lock. Run 'pod install' or update your CocoaPods installation.\" >&2\n    exit 1\nfi\n";
			showEnvVarsInLog = 0;
		};
		6F45A0B7C4FACB59AEF23745 /* [CP] Embed Pods Frameworks */ = {
			isa = PBXShellScriptBuildPhase;
			buildActionMask = 2147483647;
			files = (
			);
			inputPaths = (
			);
			name = "[CP] Embed Pods Frameworks";
			outputPaths = (
			);
			runOnlyForDeploymentPostprocessing = 0;
			shellPath = /bin/sh;
			shellScript = "\"${SRCROOT}/Pods/Target Support Files/Pods-ExampleTests/Pods-ExampleTests-frameworks.sh\"\n";
			showEnvVarsInLog = 0;
		};
		7F79674F62FD41CB0A836E4C /* [CP] Copy Pods Resources */ = {
			isa = PBXShellScriptBuildPhase;
			buildActionMask = 2147483647;
			files = (
			);
			inputPaths = (
			);
			name = "[CP] Copy Pods Resources";
			outputPaths = (
			);
			runOnlyForDeploymentPostprocessing = 0;
			shellPath = /bin/sh;
			shellScript = "\"${SRCROOT}/Pods/Target Support Files/Pods-Example/Pods-Example-resources.sh\"\n";
			showEnvVarsInLog = 0;
		};
		81638BBDCEE049E528113D30 /* [CP] Copy Pods Resources */ = {
			isa = PBXShellScriptBuildPhase;
			buildActionMask = 2147483647;
			files = (
			);
			inputPaths = (
			);
			name = "[CP] Copy Pods Resources";
			outputPaths = (
			);
			runOnlyForDeploymentPostprocessing = 0;
			shellPath = /bin/sh;
			shellScript = "\"${SRCROOT}/Pods/Target Support Files/Pods-ExampleTests/Pods-ExampleTests-resources.sh\"\n";
			showEnvVarsInLog = 0;
		};
		88E67771BDDBFE81A674DA48 /* [CP] Copy Pods Resources */ = {
			isa = PBXShellScriptBuildPhase;
			buildActionMask = 2147483647;
			files = (
			);
			inputPaths = (
			);
			name = "[CP] Copy Pods Resources";
			outputPaths = (
			);
			runOnlyForDeploymentPostprocessing = 0;
			shellPath = /bin/sh;
			shellScript = "\"${SRCROOT}/Pods/Target Support Files/Pods-ExampleUITests/Pods-ExampleUITests-resources.sh\"\n";
			showEnvVarsInLog = 0;
		};
/* End PBXShellScriptBuildPhase section */

/* Begin PBXSourcesBuildPhase section */
		DA9B48531F01209C0037E01A /* Sources */ = {
			isa = PBXSourcesBuildPhase;
			buildActionMask = 2147483647;
			files = (
				DA6DF1E21F0F689A00F41AAC /* TodoRecord.swift in Sources */,
				DA6DF1DF1F0F687000F41AAC /* Extensions.swift in Sources */,
				DA6DF1EB1F0F697C00F41AAC /* TodoViewController.swift in Sources */,
				DA6DF1E31F0F689A00F41AAC /* TodoReturningResponse.swift in Sources */,
				DA6DF1EA1F0F697C00F41AAC /* AuthenticationViewController.swift in Sources */,
				DA9B485B1F01209C0037E01A /* AppDelegate.swift in Sources */,
			);
			runOnlyForDeploymentPostprocessing = 0;
		};
		DA9B48671F01209D0037E01A /* Sources */ = {
			isa = PBXSourcesBuildPhase;
			buildActionMask = 2147483647;
			files = (
				DA9B48701F01209D0037E01A /* ExampleTests.swift in Sources */,
			);
			runOnlyForDeploymentPostprocessing = 0;
		};
		DA9B48721F01209D0037E01A /* Sources */ = {
			isa = PBXSourcesBuildPhase;
			buildActionMask = 2147483647;
			files = (
				DA9B487B1F01209D0037E01A /* ExampleUITests.swift in Sources */,
			);
			runOnlyForDeploymentPostprocessing = 0;
		};
/* End PBXSourcesBuildPhase section */

/* Begin PBXTargetDependency section */
		DA9B486D1F01209D0037E01A /* PBXTargetDependency */ = {
			isa = PBXTargetDependency;
			target = DA9B48561F01209C0037E01A /* Example */;
			targetProxy = DA9B486C1F01209D0037E01A /* PBXContainerItemProxy */;
		};
		DA9B48781F01209D0037E01A /* PBXTargetDependency */ = {
			isa = PBXTargetDependency;
			target = DA9B48561F01209C0037E01A /* Example */;
			targetProxy = DA9B48771F01209D0037E01A /* PBXContainerItemProxy */;
		};
/* End PBXTargetDependency section */

/* Begin PBXVariantGroup section */
		DA9B48631F01209C0037E01A /* LaunchScreen.storyboard */ = {
			isa = PBXVariantGroup;
			children = (
				DA9B48641F01209C0037E01A /* Base */,
			);
			name = LaunchScreen.storyboard;
			sourceTree = "<group>";
		};
/* End PBXVariantGroup section */

/* Begin XCBuildConfiguration section */
		DA9B487D1F01209D0037E01A /* Debug */ = {
			isa = XCBuildConfiguration;
			buildSettings = {
				ALWAYS_SEARCH_USER_PATHS = NO;
				CLANG_ANALYZER_NONNULL = YES;
				CLANG_ANALYZER_NUMBER_OBJECT_CONVERSION = YES_AGGRESSIVE;
				CLANG_CXX_LANGUAGE_STANDARD = "gnu++0x";
				CLANG_CXX_LIBRARY = "libc++";
				CLANG_ENABLE_MODULES = YES;
				CLANG_ENABLE_OBJC_ARC = YES;
				CLANG_WARN_BOOL_CONVERSION = YES;
				CLANG_WARN_CONSTANT_CONVERSION = YES;
				CLANG_WARN_DIRECT_OBJC_ISA_USAGE = YES_ERROR;
				CLANG_WARN_DOCUMENTATION_COMMENTS = YES;
				CLANG_WARN_EMPTY_BODY = YES;
				CLANG_WARN_ENUM_CONVERSION = YES;
				CLANG_WARN_INFINITE_RECURSION = YES;
				CLANG_WARN_INT_CONVERSION = YES;
				CLANG_WARN_OBJC_ROOT_CLASS = YES_ERROR;
				CLANG_WARN_SUSPICIOUS_MOVE = YES;
				CLANG_WARN_UNREACHABLE_CODE = YES;
				CLANG_WARN__DUPLICATE_METHOD_MATCH = YES;
				"CODE_SIGN_IDENTITY[sdk=iphoneos*]" = "iPhone Developer";
				COPY_PHASE_STRIP = NO;
				DEBUG_INFORMATION_FORMAT = dwarf;
				ENABLE_STRICT_OBJC_MSGSEND = YES;
				ENABLE_TESTABILITY = YES;
				GCC_C_LANGUAGE_STANDARD = gnu99;
				GCC_DYNAMIC_NO_PIC = NO;
				GCC_NO_COMMON_BLOCKS = YES;
				GCC_OPTIMIZATION_LEVEL = 0;
				GCC_PREPROCESSOR_DEFINITIONS = (
					"DEBUG=1",
					"$(inherited)",
				);
				GCC_WARN_64_TO_32_BIT_CONVERSION = YES;
				GCC_WARN_ABOUT_RETURN_TYPE = YES_ERROR;
				GCC_WARN_UNDECLARED_SELECTOR = YES;
				GCC_WARN_UNINITIALIZED_AUTOS = YES_AGGRESSIVE;
				GCC_WARN_UNUSED_FUNCTION = YES;
				GCC_WARN_UNUSED_VARIABLE = YES;
				IPHONEOS_DEPLOYMENT_TARGET = 10.3;
				MTL_ENABLE_DEBUG_INFO = YES;
				ONLY_ACTIVE_ARCH = YES;
				SDKROOT = iphoneos;
				SWIFT_ACTIVE_COMPILATION_CONDITIONS = DEBUG;
				SWIFT_OPTIMIZATION_LEVEL = "-Onone";
				TARGETED_DEVICE_FAMILY = "1,2";
			};
			name = Debug;
		};
		DA9B487E1F01209D0037E01A /* Release */ = {
			isa = XCBuildConfiguration;
			buildSettings = {
				ALWAYS_SEARCH_USER_PATHS = NO;
				CLANG_ANALYZER_NONNULL = YES;
				CLANG_ANALYZER_NUMBER_OBJECT_CONVERSION = YES_AGGRESSIVE;
				CLANG_CXX_LANGUAGE_STANDARD = "gnu++0x";
				CLANG_CXX_LIBRARY = "libc++";
				CLANG_ENABLE_MODULES = YES;
				CLANG_ENABLE_OBJC_ARC = YES;
				CLANG_WARN_BOOL_CONVERSION = YES;
				CLANG_WARN_CONSTANT_CONVERSION = YES;
				CLANG_WARN_DIRECT_OBJC_ISA_USAGE = YES_ERROR;
				CLANG_WARN_DOCUMENTATION_COMMENTS = YES;
				CLANG_WARN_EMPTY_BODY = YES;
				CLANG_WARN_ENUM_CONVERSION = YES;
				CLANG_WARN_INFINITE_RECURSION = YES;
				CLANG_WARN_INT_CONVERSION = YES;
				CLANG_WARN_OBJC_ROOT_CLASS = YES_ERROR;
				CLANG_WARN_SUSPICIOUS_MOVE = YES;
				CLANG_WARN_UNREACHABLE_CODE = YES;
				CLANG_WARN__DUPLICATE_METHOD_MATCH = YES;
				"CODE_SIGN_IDENTITY[sdk=iphoneos*]" = "iPhone Developer";
				COPY_PHASE_STRIP = NO;
				DEBUG_INFORMATION_FORMAT = "dwarf-with-dsym";
				ENABLE_NS_ASSERTIONS = NO;
				ENABLE_STRICT_OBJC_MSGSEND = YES;
				GCC_C_LANGUAGE_STANDARD = gnu99;
				GCC_NO_COMMON_BLOCKS = YES;
				GCC_WARN_64_TO_32_BIT_CONVERSION = YES;
				GCC_WARN_ABOUT_RETURN_TYPE = YES_ERROR;
				GCC_WARN_UNDECLARED_SELECTOR = YES;
				GCC_WARN_UNINITIALIZED_AUTOS = YES_AGGRESSIVE;
				GCC_WARN_UNUSED_FUNCTION = YES;
				GCC_WARN_UNUSED_VARIABLE = YES;
				IPHONEOS_DEPLOYMENT_TARGET = 10.3;
				MTL_ENABLE_DEBUG_INFO = NO;
				SDKROOT = iphoneos;
				SWIFT_OPTIMIZATION_LEVEL = "-Owholemodule";
				TARGETED_DEVICE_FAMILY = "1,2";
				VALIDATE_PRODUCT = YES;
			};
			name = Release;
		};
		DA9B48801F01209D0037E01A /* Debug */ = {
			isa = XCBuildConfiguration;
			baseConfigurationReference = DD00760FD58EDA67E82D1803 /* Pods-Example.debug.xcconfig */;
			buildSettings = {
				ASSETCATALOG_COMPILER_APPICON_NAME = AppIcon;
				DEVELOPMENT_TEAM = M4AFCNBNED;
				INFOPLIST_FILE = Example/Info.plist;
				LD_RUNPATH_SEARCH_PATHS = "$(inherited) @executable_path/Frameworks";
				PRODUCT_BUNDLE_IDENTIFIER = io.hasura.Example;
				PRODUCT_NAME = "$(TARGET_NAME)";
				SWIFT_VERSION = 3.0;
			};
			name = Debug;
		};
		DA9B48811F01209D0037E01A /* Release */ = {
			isa = XCBuildConfiguration;
			baseConfigurationReference = 99CC6972CE8F5919AA35A24B /* Pods-Example.release.xcconfig */;
			buildSettings = {
				ASSETCATALOG_COMPILER_APPICON_NAME = AppIcon;
				DEVELOPMENT_TEAM = M4AFCNBNED;
				INFOPLIST_FILE = Example/Info.plist;
				LD_RUNPATH_SEARCH_PATHS = "$(inherited) @executable_path/Frameworks";
				PRODUCT_BUNDLE_IDENTIFIER = io.hasura.Example;
				PRODUCT_NAME = "$(TARGET_NAME)";
				SWIFT_VERSION = 3.0;
			};
			name = Release;
		};
		DA9B48831F01209D0037E01A /* Debug */ = {
			isa = XCBuildConfiguration;
			baseConfigurationReference = EABB831B99067A9491F927A0 /* Pods-ExampleTests.debug.xcconfig */;
			buildSettings = {
				ALWAYS_EMBED_SWIFT_STANDARD_LIBRARIES = YES;
				BUNDLE_LOADER = "$(TEST_HOST)";
				DEVELOPMENT_TEAM = M4AFCNBNED;
				INFOPLIST_FILE = ExampleTests/Info.plist;
				LD_RUNPATH_SEARCH_PATHS = "$(inherited) @executable_path/Frameworks @loader_path/Frameworks";
				PRODUCT_BUNDLE_IDENTIFIER = io.hasura.ExampleTests;
				PRODUCT_NAME = "$(TARGET_NAME)";
				SWIFT_VERSION = 3.0;
				TEST_HOST = "$(BUILT_PRODUCTS_DIR)/Example.app/Example";
			};
			name = Debug;
		};
		DA9B48841F01209D0037E01A /* Release */ = {
			isa = XCBuildConfiguration;
			baseConfigurationReference = 288EA6FC34919B6688EA0E12 /* Pods-ExampleTests.release.xcconfig */;
			buildSettings = {
				ALWAYS_EMBED_SWIFT_STANDARD_LIBRARIES = YES;
				BUNDLE_LOADER = "$(TEST_HOST)";
				DEVELOPMENT_TEAM = M4AFCNBNED;
				INFOPLIST_FILE = ExampleTests/Info.plist;
				LD_RUNPATH_SEARCH_PATHS = "$(inherited) @executable_path/Frameworks @loader_path/Frameworks";
				PRODUCT_BUNDLE_IDENTIFIER = io.hasura.ExampleTests;
				PRODUCT_NAME = "$(TARGET_NAME)";
				SWIFT_VERSION = 3.0;
				TEST_HOST = "$(BUILT_PRODUCTS_DIR)/Example.app/Example";
			};
			name = Release;
		};
		DA9B48861F01209D0037E01A /* Debug */ = {
			isa = XCBuildConfiguration;
			baseConfigurationReference = 4BEE6733781FC0D0A59B539B /* Pods-ExampleUITests.debug.xcconfig */;
			buildSettings = {
				ALWAYS_EMBED_SWIFT_STANDARD_LIBRARIES = YES;
				DEVELOPMENT_TEAM = M4AFCNBNED;
				INFOPLIST_FILE = ExampleUITests/Info.plist;
				LD_RUNPATH_SEARCH_PATHS = "$(inherited) @executable_path/Frameworks @loader_path/Frameworks";
				PRODUCT_BUNDLE_IDENTIFIER = io.hasura.ExampleUITests;
				PRODUCT_NAME = "$(TARGET_NAME)";
				SWIFT_VERSION = 3.0;
				TEST_TARGET_NAME = Example;
			};
			name = Debug;
		};
		DA9B48871F01209D0037E01A /* Release */ = {
			isa = XCBuildConfiguration;
			baseConfigurationReference = FCFF127AB97ACF7811F5B163 /* Pods-ExampleUITests.release.xcconfig */;
			buildSettings = {
				ALWAYS_EMBED_SWIFT_STANDARD_LIBRARIES = YES;
				DEVELOPMENT_TEAM = M4AFCNBNED;
				INFOPLIST_FILE = ExampleUITests/Info.plist;
				LD_RUNPATH_SEARCH_PATHS = "$(inherited) @executable_path/Frameworks @loader_path/Frameworks";
				PRODUCT_BUNDLE_IDENTIFIER = io.hasura.ExampleUITests;
				PRODUCT_NAME = "$(TARGET_NAME)";
				SWIFT_VERSION = 3.0;
				TEST_TARGET_NAME = Example;
			};
			name = Release;
		};
/* End XCBuildConfiguration section */

/* Begin XCConfigurationList section */
		DA9B48521F01209C0037E01A /* Build configuration list for PBXProject "Example" */ = {
			isa = XCConfigurationList;
			buildConfigurations = (
				DA9B487D1F01209D0037E01A /* Debug */,
				DA9B487E1F01209D0037E01A /* Release */,
			);
			defaultConfigurationIsVisible = 0;
			defaultConfigurationName = Release;
		};
		DA9B487F1F01209D0037E01A /* Build configuration list for PBXNativeTarget "Example" */ = {
			isa = XCConfigurationList;
			buildConfigurations = (
				DA9B48801F01209D0037E01A /* Debug */,
				DA9B48811F01209D0037E01A /* Release */,
			);
			defaultConfigurationIsVisible = 0;
			defaultConfigurationName = Release;
		};
		DA9B48821F01209D0037E01A /* Build configuration list for PBXNativeTarget "ExampleTests" */ = {
			isa = XCConfigurationList;
			buildConfigurations = (
				DA9B48831F01209D0037E01A /* Debug */,
				DA9B48841F01209D0037E01A /* Release */,
			);
			defaultConfigurationIsVisible = 0;
			defaultConfigurationName = Release;
		};
		DA9B48851F01209D0037E01A /* Build configuration list for PBXNativeTarget "ExampleUITests" */ = {
			isa = XCConfigurationList;
			buildConfigurations = (
				DA9B48861F01209D0037E01A /* Debug */,
				DA9B48871F01209D0037E01A /* Release */,
			);
			defaultConfigurationIsVisible = 0;
			defaultConfigurationName = Release;
		};
/* End XCConfigurationList section */
	};
	rootObject = DA9B484F1F01209C0037E01A /* Project object */;
}
